
Microsoft Visual Studio Solution File, Format Version 12.00
# Visual Studio Version 17
VisualStudioVersion = 17.11.35219.272
MinimumVisualStudioVersion = 10.0.40219.1
Project("{FAE04EC0-301F-11D3-BF4B-00C04F79EFBC}") = "DnDcharacterCreator", "DnDcharacterCreator.csproj", "{D25B92BD-410D-4668-A9AD-BDE6587C8BD8}"
EndProject
Global
	GlobalSection(SolutionConfigurationPlatforms) = preSolution
		Debug|Any CPU = Debug|Any CPU
		Release|Any CPU = Release|Any CPU
	EndGlobalSection
	GlobalSection(ProjectConfigurationPlatforms) = postSolution
		{D25B92BD-410D-4668-A9AD-BDE6587C8BD8}.Debug|Any CPU.ActiveCfg = Debug|Any CPU
		{D25B92BD-410D-4668-A9AD-BDE6587C8BD8}.Debug|Any CPU.Build.0 = Debug|Any CPU
		{D25B92BD-410D-4668-A9AD-BDE6587C8BD8}.Release|Any CPU.ActiveCfg = Release|Any CPU
		{D25B92BD-410D-4668-A9AD-BDE6587C8BD8}.Release|Any CPU.Build.0 = Release|Any CPU
	EndGlobalSection
	GlobalSection(SolutionProperties) = preSolution
		HideSolutionNode = FALSE
	EndGlobalSection
	GlobalSection(ExtensibilityGlobals) = postSolution
		SolutionGuid = {D69B3E66-28AF-4354-A6E7-8E8E1EE87DE2}
	EndGlobalSection
EndGlobal
